// !$*UTF8*$!
{
	archiveVersion = 1;
	classes = {
	};
	objectVersion = 46;
	objects = {

/* Begin PBXBuildFile section */
		BAE260421EE2D9B0003E4B42 /* AppDelegate.swift in Sources */ = {isa = PBXBuildFile; fileRef = BAE260411EE2D9B0003E4B42 /* AppDelegate.swift */; };
		BAE260441EE2D9B0003E4B42 /* ViewController.swift in Sources */ = {isa = PBXBuildFile; fileRef = BAE260431EE2D9B0003E4B42 /* ViewController.swift */; };
		BAE260471EE2D9B0003E4B42 /* Main.storyboard in Resources */ = {isa = PBXBuildFile; fileRef = BAE260451EE2D9B0003E4B42 /* Main.storyboard */; };
		BAE260491EE2D9B0003E4B42 /* Images.xcassets in Resources */ = {isa = PBXBuildFile; fileRef = BAE260481EE2D9B0003E4B42 /* Images.xcassets */; };
		BAE2604C1EE2D9B0003E4B42 /* LaunchScreen.xib in Resources */ = {isa = PBXBuildFile; fileRef = BAE2604A1EE2D9B0003E4B42 /* LaunchScreen.xib */; };
		BAE260581EE2D9B0003E4B42 /* PingPingTests.swift in Sources */ = {isa = PBXBuildFile; fileRef = BAE260571EE2D9B0003E4B42 /* PingPingTests.swift */; };
/* End PBXBuildFile section */

/* Begin PBXContainerItemProxy section */
		BAE260521EE2D9B0003E4B42 /* PBXContainerItemProxy */ = {
			isa = PBXContainerItemProxy;
			containerPortal = BAE260341EE2D9B0003E4B42 /* Project object */;
			proxyType = 1;
			remoteGlobalIDString = BAE2603B1EE2D9B0003E4B42;
			remoteInfo = PingPing;
		};
/* End PBXContainerItemProxy section */

/* Begin PBXFileReference section */
		BAE2603C1EE2D9B0003E4B42 /* PingPing.app */ = {isa = PBXFileReference; explicitFileType = wrapper.application; includeInIndex = 0; path = PingPing.app; sourceTree = BUILT_PRODUCTS_DIR; };
		BAE260401EE2D9B0003E4B42 /* Info.plist */ = {isa = PBXFileReference; lastKnownFileType = text.plist.xml; path = Info.plist; sourceTree = "<group>"; };
		BAE260411EE2D9B0003E4B42 /* AppDelegate.swift */ = {isa = PBXFileReference; lastKnownFileType = sourcecode.swift; lineEnding = 0; path = AppDelegate.swift; sourceTree = "<group>"; };
		BAE260431EE2D9B0003E4B42 /* ViewController.swift */ = {isa = PBXFileReference; lastKnownFileType = sourcecode.swift; path = ViewController.swift; sourceTree = "<group>"; };
		BAE260461EE2D9B0003E4B42 /* Base */ = {isa = PBXFileReference; lastKnownFileType = file.storyboard; name = Base; path = Base.lproj/Main.storyboard; sourceTree = "<group>"; };
		BAE260481EE2D9B0003E4B42 /* Images.xcassets */ = {isa = PBXFileReference; lastKnownFileType = folder.assetcatalog; path = Images.xcassets; sourceTree = "<group>"; };
		BAE2604B1EE2D9B0003E4B42 /* Base */ = {isa = PBXFileReference; lastKnownFileType = file.xib; name = Base; path = Base.lproj/LaunchScreen.xib; sourceTree = "<group>"; };
		BAE260511EE2D9B0003E4B42 /* PingPingTests.xctest */ = {isa = PBXFileReference; explicitFileType = wrapper.cfbundle; includeInIndex = 0; path = PingPingTests.xctest; sourceTree = BUILT_PRODUCTS_DIR; };
		BAE260561EE2D9B0003E4B42 /* Info.plist */ = {isa = PBXFileReference; lastKnownFileType = text.plist.xml; path = Info.plist; sourceTree = "<group>"; };
		BAE260571EE2D9B0003E4B42 /* PingPingTests.swift */ = {isa = PBXFileReference; lastKnownFileType = sourcecode.swift; path = PingPingTests.swift; sourceTree = "<group>"; };
/* End PBXFileReference section */

/* Begin PBXFrameworksBuildPhase section */
		BAE260391EE2D9B0003E4B42 /* Frameworks */ = {
			isa = PBXFrameworksBuildPhase;
			buildActionMask = 2147483647;
			files = (
			);
			runOnlyForDeploymentPostprocessing = 0;
		};
		BAE2604E1EE2D9B0003E4B42 /* Frameworks */ = {
			isa = PBXFrameworksBuildPhase;
			buildActionMask = 2147483647;
			files = (
			);
			runOnlyForDeploymentPostprocessing = 0;
		};
/* End PBXFrameworksBuildPhase section */

/* Begin PBXGroup section */
		BAE260331EE2D9B0003E4B42 = {
			isa = PBXGroup;
			children = (
				BAE2603E1EE2D9B0003E4B42 /* PingPing */,
				BAE260541EE2D9B0003E4B42 /* PingPingTests */,
				BAE2603D1EE2D9B0003E4B42 /* Products */,
			);
			sourceTree = "<group>";
		};
		BAE2603D1EE2D9B0003E4B42 /* Products */ = {
			isa = PBXGroup;
			children = (
				BAE2603C1EE2D9B0003E4B42 /* PingPing.app */,
				BAE260511EE2D9B0003E4B42 /* PingPingTests.xctest */,
			);
			name = Products;
			sourceTree = "<group>";
		};
		BAE2603E1EE2D9B0003E4B42 /* PingPing */ = {
			isa = PBXGroup;
			children = (
				BAE260411EE2D9B0003E4B42 /* AppDelegate.swift */,
				BAE260431EE2D9B0003E4B42 /* ViewController.swift */,
				BAE260451EE2D9B0003E4B42 /* Main.storyboard */,
				BAE260481EE2D9B0003E4B42 /* Images.xcassets */,
				BAE2604A1EE2D9B0003E4B42 /* LaunchScreen.xib */,
				BAE2603F1EE2D9B0003E4B42 /* Supporting Files */,
			);
			path = PingPing;
			sourceTree = "<group>";
		};
		BAE2603F1EE2D9B0003E4B42 /* Supporting Files */ = {
			isa = PBXGroup;
			children = (
				BAE260401EE2D9B0003E4B42 /* Info.plist */,
			);
			name = "Supporting Files";
			sourceTree = "<group>";
		};
		BAE260541EE2D9B0003E4B42 /* PingPingTests */ = {
			isa = PBXGroup;
			children = (
				BAE260571EE2D9B0003E4B42 /* PingPingTests.swift */,
				BAE260551EE2D9B0003E4B42 /* Supporting Files */,
			);
			path = PingPingTests;
			sourceTree = "<group>";
		};
		BAE260551EE2D9B0003E4B42 /* Supporting Files */ = {
			isa = PBXGroup;
			children = (
				BAE260561EE2D9B0003E4B42 /* Info.plist */,
			);
			name = "Supporting Files";
			sourceTree = "<group>";
		};
/* End PBXGroup section */

/* Begin PBXNativeTarget section */
		BAE2603B1EE2D9B0003E4B42 /* PingPing */ = {
			isa = PBXNativeTarget;
			buildConfigurationList = BAE2605B1EE2D9B0003E4B42 /* Build configuration list for PBXNativeTarget "PingPing" */;
			buildPhases = (
				BAE260381EE2D9B0003E4B42 /* Sources */,
				BAE260391EE2D9B0003E4B42 /* Frameworks */,
				BAE2603A1EE2D9B0003E4B42 /* Resources */,
			);
			buildRules = (
			);
			dependencies = (
			);
			name = PingPing;
			productName = PingPing;
			productReference = BAE2603C1EE2D9B0003E4B42 /* PingPing.app */;
			productType = "com.apple.product-type.application";
		};
		BAE260501EE2D9B0003E4B42 /* PingPingTests */ = {
			isa = PBXNativeTarget;
			buildConfigurationList = BAE2605E1EE2D9B0003E4B42 /* Build configuration list for PBXNativeTarget "PingPingTests" */;
			buildPhases = (
				BAE2604D1EE2D9B0003E4B42 /* Sources */,
				BAE2604E1EE2D9B0003E4B42 /* Frameworks */,
				BAE2604F1EE2D9B0003E4B42 /* Resources */,
			);
			buildRules = (
			);
			dependencies = (
				BAE260531EE2D9B0003E4B42 /* PBXTargetDependency */,
			);
			name = PingPingTests;
			productName = PingPingTests;
			productReference = BAE260511EE2D9B0003E4B42 /* PingPingTests.xctest */;
			productType = "com.apple.product-type.bundle.unit-test";
		};
/* End PBXNativeTarget section */

/* Begin PBXProject section */
		BAE260341EE2D9B0003E4B42 /* Project object */ = {
			isa = PBXProject;
			attributes = {
				LastUpgradeCheck = 0630;
				ORGANIZATIONNAME = Matvey;
				TargetAttributes = {
					BAE2603B1EE2D9B0003E4B42 = {
						CreatedOnToolsVersion = 6.3.2;
					};
					BAE260501EE2D9B0003E4B42 = {
						CreatedOnToolsVersion = 6.3.2;
						TestTargetID = BAE2603B1EE2D9B0003E4B42;
					};
				};
			};
			buildConfigurationList = BAE260371EE2D9B0003E4B42 /* Build configuration list for PBXProject "PingPing" */;
			compatibilityVersion = "Xcode 3.2";
			developmentRegion = English;
			hasScannedForEncodings = 0;
			knownRegions = (
				en,
				Base,
			);
			mainGroup = BAE260331EE2D9B0003E4B42;
			productRefGroup = BAE2603D1EE2D9B0003E4B42 /* Products */;
			projectDirPath = "";
			projectRoot = "";
			targets = (
				BAE2603B1EE2D9B0003E4B42 /* PingPing */,
				BAE260501EE2D9B0003E4B42 /* PingPingTests */,
			);
		};
/* End PBXProject section */

/* Begin PBXResourcesBuildPhase section */
		BAE2603A1EE2D9B0003E4B42 /* Resources */ = {
			isa = PBXResourcesBuildPhase;
			buildActionMask = 2147483647;
			files = (
				BAE260471EE2D9B0003E4B42 /* Main.storyboard in Resources */,
				BAE2604C1EE2D9B0003E4B42 /* LaunchScreen.xib in Resources */,
				BAE260491EE2D9B0003E4B42 /* Images.xcassets in Resources */,
			);
			runOnlyForDeploymentPostprocessing = 0;
		};
		BAE2604F1EE2D9B0003E4B42 /* Resources */ = {
			isa = PBXResourcesBuildPhase;
			buildActionMask = 2147483647;
			files = (
			);
			runOnlyForDeploymentPostprocessing = 0;
		};
/* End PBXResourcesBuildPhase section */

/* Begin PBXSourcesBuildPhase section */
		BAE260381EE2D9B0003E4B42 /* Sources */ = {
			isa = PBXSourcesBuildPhase;
			buildActionMask = 2147483647;
			files = (
				BAE260441EE2D9B0003E4B42 /* ViewController.swift in Sources */,
				BAE260421EE2D9B0003E4B42 /* AppDelegate.swift in Sources */,
			);
			runOnlyForDeploymentPostprocessing = 0;
		};
		BAE2604D1EE2D9B0003E4B42 /* Sources */ = {
			isa = PBXSourcesBuildPhase;
			buildActionMask = 2147483647;
			files = (
				BAE260581EE2D9B0003E4B42 /* PingPingTests.swift in Sources */,
			);
			runOnlyForDeploymentPostprocessing = 0;
		};
/* End PBXSourcesBuildPhase section */

/* Begin PBXTargetDependency section */
		BAE260531EE2D9B0003E4B42 /* PBXTargetDependency */ = {
			isa = PBXTargetDependency;
			target = BAE2603B1EE2D9B0003E4B42 /* PingPing */;
			targetProxy = BAE260521EE2D9B0003E4B42 /* PBXContainerItemProxy */;
		};
/* End PBXTargetDependency section */

/* Begin PBXVariantGroup section */
		BAE260451EE2D9B0003E4B42 /* Main.storyboard */ = {
			isa = PBXVariantGroup;
			children = (
				BAE260461EE2D9B0003E4B42 /* Base */,
			);
			name = Main.storyboard;
			sourceTree = "<group>";
		};
		BAE2604A1EE2D9B0003E4B42 /* LaunchScreen.xib */ = {
			isa = PBXVariantGroup;
			children = (
				BAE2604B1EE2D9B0003E4B42 /* Base */,
			);
			name = LaunchScreen.xib;
			sourceTree = "<group>";
		};
/* End PBXVariantGroup section */

/* Begin XCBuildConfiguration section */
		BAE260591EE2D9B0003E4B42 /* Debug */ = {
			isa = XCBuildConfiguration;
			buildSettings = {
				ALWAYS_SEARCH_USER_PATHS = NO;
				CLANG_CXX_LANGUAGE_STANDARD = "gnu++0x";
				CLANG_CXX_LIBRARY = "libc++";
				CLANG_ENABLE_MODULES = YES;
				CLANG_ENABLE_OBJC_ARC = YES;
				CLANG_WARN_BOOL_CONVERSION = YES;
				CLANG_WARN_CONSTANT_CONVERSION = YES;
				CLANG_WARN_DIRECT_OBJC_ISA_USAGE = YES_ERROR;
				CLANG_WARN_EMPTY_BODY = YES;
				CLANG_WARN_ENUM_CONVERSION = YES;
				CLANG_WARN_INT_CONVERSION = YES;
				CLANG_WARN_OBJC_ROOT_CLASS = YES_ERROR;
				CLANG_WARN_UNREACHABLE_CODE = YES;
				CLANG_WARN__DUPLICATE_METHOD_MATCH = YES;
				"CODE_SIGN_IDENTITY[sdk=iphoneos*]" = "iPhone Developer";
				COPY_PHASE_STRIP = NO;
				DEBUG_INFORMATION_FORMAT = "dwarf-with-dsym";
				ENABLE_STRICT_OBJC_MSGSEND = YES;
				GCC_C_LANGUAGE_STANDARD = gnu99;
				GCC_DYNAMIC_NO_PIC = NO;
				GCC_NO_COMMON_BLOCKS = YES;
				GCC_OPTIMIZATION_LEVEL = 0;
				GCC_PREPROCESSOR_DEFINITIONS = (
					"DEBUG=1",
					"$(inherited)",
				);
				GCC_SYMBOLS_PRIVATE_EXTERN = NO;
				GCC_WARN_64_TO_32_BIT_CONVERSION = YES;
				GCC_WARN_ABOUT_RETURN_TYPE = YES_ERROR;
				GCC_WARN_UNDECLARED_SELECTOR = YES;
				GCC_WARN_UNINITIALIZED_AUTOS = YES_AGGRESSIVE;
				GCC_WARN_UNUSED_FUNCTION = YES;
				GCC_WARN_UNUSED_VARIABLE = YES;
				IPHONEOS_DEPLOYMENT_TARGET = 8.3;
				MTL_ENABLE_DEBUG_INFO = YES;
				ONLY_ACTIVE_ARCH = YES;
				SDKROOT = iphoneos;
				SWIFT_OPTIMIZATION_LEVEL = "-Onone";
			};
			name = Debug;
		};
		BAE2605A1EE2D9B0003E4B42 /* Release */ = {
			isa = XCBuildConfiguration;
			buildSettings = {
				ALWAYS_SEARCH_USER_PATHS = NO;
				CLANG_CXX_LANGUAGE_STANDARD = "gnu++0x";
				CLANG_CXX_LIBRARY = "libc++";
				CLANG_ENABLE_MODULES = YES;
				CLANG_ENABLE_OBJC_ARC = YES;
				CLANG_WARN_BOOL_CONVERSION = YES;
				CLANG_WARN_CONSTANT_CONVERSION = YES;
				CLANG_WARN_DIRECT_OBJC_ISA_USAGE = YES_ERROR;
				CLANG_WARN_EMPTY_BODY = YES;
				CLANG_WARN_ENUM_CONVERSION = YES;
				CLANG_WARN_INT_CONVERSION = YES;
				CLANG_WARN_OBJC_ROOT_CLASS = YES_ERROR;
				CLANG_WARN_UNREACHABLE_CODE = YES;
				CLANG_WARN__DUPLICATE_METHOD_MATCH = YES;
				"CODE_SIGN_IDENTITY[sdk=iphoneos*]" = "iPhone Developer";
				COPY_PHASE_STRIP = NO;
				DEBUG_INFORMATION_FORMAT = "dwarf-with-dsym";
				ENABLE_NS_ASSERTIONS = NO;
				ENABLE_STRICT_OBJC_MSGSEND = YES;
				GCC_C_LANGUAGE_STANDARD = gnu99;
				GCC_NO_COMMON_BLOCKS = YES;
				GCC_WARN_64_TO_32_BIT_CONVERSION = YES;
				GCC_WARN_ABOUT_RETURN_TYPE = YES_ERROR;
				GCC_WARN_UNDECLARED_SELECTOR = YES;
				GCC_WARN_UNINITIALIZED_AUTOS = YES_AGGRESSIVE;
				GCC_WARN_UNUSED_FUNCTION = YES;
				GCC_WARN_UNUSED_VARIABLE = YES;
				IPHONEOS_DEPLOYMENT_TARGET = 8.3;
				MTL_ENABLE_DEBUG_INFO = NO;
				SDKROOT = iphoneos;
				VALIDATE_PRODUCT = YES;
			};
			name = Release;
		};
		BAE2605C1EE2D9B0003E4B42 /* Debug */ = {
			isa = XCBuildConfiguration;
			buildSettings = {
				ASSETCATALOG_COMPILER_APPICON_NAME = AppIcon;
				INFOPLIST_FILE = PingPing/Info.plist;
				LD_RUNPATH_SEARCH_PATHS = "$(inherited) @executable_path/Frameworks";
				PRODUCT_NAME = "$(TARGET_NAME)";
			};
			name = Debug;
		};
		BAE2605D1EE2D9B0003E4B42 /* Release */ = {
			isa = XCBuildConfiguration;
			buildSettings = {
				ASSETCATALOG_COMPILER_APPICON_NAME = AppIcon;
				INFOPLIST_FILE = PingPing/Info.plist;
				LD_RUNPATH_SEARCH_PATHS = "$(inherited) @executable_path/Frameworks";
				PRODUCT_NAME = "$(TARGET_NAME)";
			};
			name = Release;
		};
		BAE2605F1EE2D9B0003E4B42 /* Debug */ = {
			isa = XCBuildConfiguration;
			buildSettings = {
				BUNDLE_LOADER = "$(TEST_HOST)";
				FRAMEWORK_SEARCH_PATHS = (
					"$(SDKROOT)/Developer/Library/Frameworks",
					"$(inherited)",
				);
				GCC_PREPROCESSOR_DEFINITIONS = (
					"DEBUG=1",
					"$(inherited)",
				);
				INFOPLIST_FILE = PingPingTests/Info.plist;
				LD_RUNPATH_SEARCH_PATHS = "$(inherited) @executable_path/Frameworks @loader_path/Frameworks";
				PRODUCT_NAME = "$(TARGET_NAME)";
				TEST_HOST = "$(BUILT_PRODUCTS_DIR)/PingPing.app/PingPing";
			};
			name = Debug;
		};
		BAE260601EE2D9B0003E4B42 /* Release */ = {
			isa = XCBuildConfiguration;
			buildSettings = {
				BUNDLE_LOADER = "$(TEST_HOST)";
				FRAMEWORK_SEARCH_PATHS = (
					"$(SDKROOT)/Developer/Library/Frameworks",
					"$(inherited)",
				);
				INFOPLIST_FILE = PingPingTests/Info.plist;
				LD_RUNPATH_SEARCH_PATHS = "$(inherited) @executable_path/Frameworks @loader_path/Frameworks";
				PRODUCT_NAME = "$(TARGET_NAME)";
				TEST_HOST = "$(BUILT_PRODUCTS_DIR)/PingPing.app/PingPing";
			};
			name = Release;
		};
/* End XCBuildConfiguration section */

/* Begin XCConfigurationList section */
		BAE260371EE2D9B0003E4B42 /* Build configuration list for PBXProject "PingPing" */ = {
			isa = XCConfigurationList;
			buildConfigurations = (
				BAE260591EE2D9B0003E4B42 /* Debug */,
				BAE2605A1EE2D9B0003E4B42 /* Release */,
			);
			defaultConfigurationIsVisible = 0;
			defaultConfigurationName = Release;
		};
		BAE2605B1EE2D9B0003E4B42 /* Build configuration list for PBXNativeTarget "PingPing" */ = {
			isa = XCConfigurationList;
			buildConfigurations = (
				BAE2605C1EE2D9B0003E4B42 /* Debug */,
				BAE2605D1EE2D9B0003E4B42 /* Release */,
			);
			defaultConfigurationIsVisible = 0;
			defaultConfigurationName = Release;
		};
		BAE2605E1EE2D9B0003E4B42 /* Build configuration list for PBXNativeTarget "PingPingTests" */ = {
			isa = XCConfigurationList;
			buildConfigurations = (
				BAE2605F1EE2D9B0003E4B42 /* Debug */,
				BAE260601EE2D9B0003E4B42 /* Release */,
			);
			defaultConfigurationIsVisible = 0;
			defaultConfigurationName = Release;
		};
/* End XCConfigurationList section */
	};
	rootObject = BAE260341EE2D9B0003E4B42 /* Project object */;
}
